
Microsoft Visual Studio Solution File, Format Version 12.00
# Visual Studio 15
Project("{FAE04EC0-301F-11D3-BF4B-00C04F79EFBC}") = "ArcadiaTactics-Console", "ArcadiaTactics-Console\ArcadiaTactics-Console.csproj", "{73F9070B-9F8D-43CE-B53D-E3F626EE02FB}"
EndProject
Project("{FAE04EC0-301F-11D3-BF4B-00C04F79EFBC}") = "ArcadiaTactices-Entities", "ArcadiaTactices-Entities\ArcadiaTactices-Entities.csproj", "{5D51DE0D-C7B7-421A-846A-F7A8DD4B8276}"
EndProject
Project("{FAE04EC0-301F-11D3-BF4B-00C04F79EFBC}") = "ArcadiaTactics-Static", "ArcadiaTactics-Static\ArcadiaTactics-Static.csproj", "{64C90BEC-247B-46E1-8087-E485D01863F9}"
EndProject
Project("{FAE04EC0-301F-11D3-BF4B-00C04F79EFBC}") = "ArcadiaTactics-Tools", "ArcadiaTactics-Tools\ArcadiaTactics-Tools.csproj", "{5CFF77AB-F4ED-4F54-A09A-3C930C2AB324}"
EndProject
Project("{FAE04EC0-301F-11D3-BF4B-00C04F79EFBC}") = "ArcadiaTactics-Game", "ArcadiaTactics-Game\ArcadiaTactics-Game.csproj", "{90A8A890-96C2-444E-B3A5-E956F2087F0F}"
EndProject
Global
	GlobalSection(SolutionConfigurationPlatforms) = preSolution
		Debug|Any CPU = Debug|Any CPU
		Release|Any CPU = Release|Any CPU
	EndGlobalSection
	GlobalSection(ProjectConfigurationPlatforms) = postSolution
		{73F9070B-9F8D-43CE-B53D-E3F626EE02FB}.Debug|Any CPU.ActiveCfg = Debug|Any CPU
		{73F9070B-9F8D-43CE-B53D-E3F626EE02FB}.Debug|Any CPU.Build.0 = Debug|Any CPU
		{73F9070B-9F8D-43CE-B53D-E3F626EE02FB}.Release|Any CPU.ActiveCfg = Release|Any CPU
		{73F9070B-9F8D-43CE-B53D-E3F626EE02FB}.Release|Any CPU.Build.0 = Release|Any CPU
		{5D51DE0D-C7B7-421A-846A-F7A8DD4B8276}.Debug|Any CPU.ActiveCfg = Debug|Any CPU
		{5D51DE0D-C7B7-421A-846A-F7A8DD4B8276}.Debug|Any CPU.Build.0 = Debug|Any CPU
		{5D51DE0D-C7B7-421A-846A-F7A8DD4B8276}.Release|Any CPU.ActiveCfg = Release|Any CPU
		{5D51DE0D-C7B7-421A-846A-F7A8DD4B8276}.Release|Any CPU.Build.0 = Release|Any CPU
		{64C90BEC-247B-46E1-8087-E485D01863F9}.Debug|Any CPU.ActiveCfg = Debug|Any CPU
		{64C90BEC-247B-46E1-8087-E485D01863F9}.Debug|Any CPU.Build.0 = Debug|Any CPU
		{64C90BEC-247B-46E1-8087-E485D01863F9}.Release|Any CPU.ActiveCfg = Release|Any CPU
		{64C90BEC-247B-46E1-8087-E485D01863F9}.Release|Any CPU.Build.0 = Release|Any CPU
		{5CFF77AB-F4ED-4F54-A09A-3C930C2AB324}.Debug|Any CPU.ActiveCfg = Debug|Any CPU
		{5CFF77AB-F4ED-4F54-A09A-3C930C2AB324}.Debug|Any CPU.Build.0 = Debug|Any CPU
		{5CFF77AB-F4ED-4F54-A09A-3C930C2AB324}.Release|Any CPU.ActiveCfg = Release|Any CPU
		{5CFF77AB-F4ED-4F54-A09A-3C930C2AB324}.Release|Any CPU.Build.0 = Release|Any CPU
		{90A8A890-96C2-444E-B3A5-E956F2087F0F}.Debug|Any CPU.ActiveCfg = Debug|Any CPU
		{90A8A890-96C2-444E-B3A5-E956F2087F0F}.Debug|Any CPU.Build.0 = Debug|Any CPU
		{90A8A890-96C2-444E-B3A5-E956F2087F0F}.Release|Any CPU.ActiveCfg = Release|Any CPU
		{90A8A890-96C2-444E-B3A5-E956F2087F0F}.Release|Any CPU.Build.0 = Release|Any CPU
	EndGlobalSection
EndGlobal
